
Microsoft Visual Studio Solution File, Format Version 12.00
# Visual Studio Version 16
VisualStudioVersion = 16.0.29025.244
MinimumVisualStudioVersion = 10.0.40219.1
Project("{9A19103F-16F7-4668-BE54-9A1E7A4F7556}") = "Farm", "Farm\Farm.csproj", "{3320C6E7-6CB3-432A-9443-D410BAE1DA7E}"
EndProject
Project("{FAE04EC0-301F-11D3-BF4B-00C04F79EFBC}") = "FarmClassTests", "FarmClassTests\FarmClassTests.csproj", "{AC32C392-67AC-436D-A1B2-44BB1DBF2867}"
EndProject
Global
	GlobalSection(SolutionConfigurationPlatforms) = preSolution
		Debug|Any CPU = Debug|Any CPU
		Release|Any CPU = Release|Any CPU
	EndGlobalSection
	GlobalSection(ProjectConfigurationPlatforms) = postSolution
		{3320C6E7-6CB3-432A-9443-D410BAE1DA7E}.Debug|Any CPU.ActiveCfg = Debug|Any CPU
		{3320C6E7-6CB3-432A-9443-D410BAE1DA7E}.Debug|Any CPU.Build.0 = Debug|Any CPU
		{3320C6E7-6CB3-432A-9443-D410BAE1DA7E}.Release|Any CPU.ActiveCfg = Release|Any CPU
		{3320C6E7-6CB3-432A-9443-D410BAE1DA7E}.Release|Any CPU.Build.0 = Release|Any CPU
		{AC32C392-67AC-436D-A1B2-44BB1DBF2867}.Debug|Any CPU.ActiveCfg = Debug|Any CPU
		{AC32C392-67AC-436D-A1B2-44BB1DBF2867}.Debug|Any CPU.Build.0 = Debug|Any CPU
		{AC32C392-67AC-436D-A1B2-44BB1DBF2867}.Release|Any CPU.ActiveCfg = Release|Any CPU
		{AC32C392-67AC-436D-A1B2-44BB1DBF2867}.Release|Any CPU.Build.0 = Release|Any CPU
	EndGlobalSection
	GlobalSection(SolutionProperties) = preSolution
		HideSolutionNode = FALSE
	EndGlobalSection
	GlobalSection(ExtensibilityGlobals) = postSolution
		SolutionGuid = {733E2CFC-48D5-4603-B424-2266061498CA}
	EndGlobalSection
EndGlobal
